# This file is automatically @generated by Cargo.
# It is not intended for manual editing.
version = 4

[[package]]
name = "deixis-conformance"
version = "0.0.0"
dependencies = [
 "bitspark-deixis-core",
 "bitspark-deixis-pos",
 "bitspark-deixis-set",
]

[[package]]
name = "bitspark-deixis-core"
version = "0.6.0"

[[package]]
name = "bitspark-deixis-pos"
version = "0.6.0"

[[package]]
name = "bitspark-deixis-set"
version = "0.6.0"
dependencies = [
 "bitspark-deixis-core",
]
